
Microsoft Visual Studio Solution File, Format Version 12.00
# Visual Studio Version 17
VisualStudioVersion = 17.9.34902.65
MinimumVisualStudioVersion = 10.0.40219.1
Project("{FAE04EC0-301F-11D3-BF4B-00C04F79EFBC}") = "networktrainingwebapp", "networktrainingwebapp\networktrainingwebapp.csproj", "{F751C8AF-8E16-4C2F-B423-4262E2F66892}"
EndProject
Global
	GlobalSection(SolutionConfigurationPlatforms) = preSolution
		Debug|Any CPU = Debug|Any CPU
		Release|Any CPU = Release|Any CPU
	EndGlobalSection
	GlobalSection(ProjectConfigurationPlatforms) = postSolution
		{F751C8AF-8E16-4C2F-B423-4262E2F66892}.Debug|Any CPU.ActiveCfg = Debug|Any CPU
		{F751C8AF-8E16-4C2F-B423-4262E2F66892}.Debug|Any CPU.Build.0 = Debug|Any CPU
		{F751C8AF-8E16-4C2F-B423-4262E2F66892}.Release|Any CPU.ActiveCfg = Release|Any CPU
		{F751C8AF-8E16-4C2F-B423-4262E2F66892}.Release|Any CPU.Build.0 = Release|Any CPU
	EndGlobalSection
	GlobalSection(SolutionProperties) = preSolution
		HideSolutionNode = FALSE
	EndGlobalSection
	GlobalSection(ExtensibilityGlobals) = postSolution
		SolutionGuid = {4F3EFA32-886A-4F4B-A720-C3FFCE41FDDD}
	EndGlobalSection
EndGlobal
